
Microsoft Visual Studio Solution File, Format Version 12.00
# Visual Studio Version 17
VisualStudioVersion = 17.0.31903.59
MinimumVisualStudioVersion = 10.0.40219.1
Project("{2150E333-8FDC-42A3-9474-1A3956D46DE8}") = "src", "src", "{30468AFC-4022-4E5D-AEB9-1F629D0C7BA2}"
EndProject
Project("{FAE04EC0-301F-11D3-BF4B-00C04F79EFBC}") = "ApiKeyAuthApp", "src\ApiKeyAuthApp\ApiKeyAuthApp.csproj", "{3F8591B6-9B83-4AFA-9E7E-843613957D96}"
EndProject
Project("{FAE04EC0-301F-11D3-BF4B-00C04F79EFBC}") = "BasicAuthApp", "src\BasicAuthApp\BasicAuthApp.csproj", "{02BEB703-EC14-4720-963F-38FB744D6E6A}"
EndProject
Project("{FAE04EC0-301F-11D3-BF4B-00C04F79EFBC}") = "AuthCodeAuthApp", "src\AuthCodeAuthApp\AuthCodeAuthApp.csproj", "{8FC0A7ED-0044-4D21-A096-3A13B814EEA4}"
EndProject
Global
	GlobalSection(SolutionConfigurationPlatforms) = preSolution
		Debug|Any CPU = Debug|Any CPU
		Release|Any CPU = Release|Any CPU
	EndGlobalSection
	GlobalSection(ProjectConfigurationPlatforms) = postSolution
		{3F8591B6-9B83-4AFA-9E7E-843613957D96}.Debug|Any CPU.ActiveCfg = Debug|Any CPU
		{3F8591B6-9B83-4AFA-9E7E-843613957D96}.Debug|Any CPU.Build.0 = Debug|Any CPU
		{3F8591B6-9B83-4AFA-9E7E-843613957D96}.Release|Any CPU.ActiveCfg = Release|Any CPU
		{3F8591B6-9B83-4AFA-9E7E-843613957D96}.Release|Any CPU.Build.0 = Release|Any CPU
		{02BEB703-EC14-4720-963F-38FB744D6E6A}.Debug|Any CPU.ActiveCfg = Debug|Any CPU
		{02BEB703-EC14-4720-963F-38FB744D6E6A}.Debug|Any CPU.Build.0 = Debug|Any CPU
		{02BEB703-EC14-4720-963F-38FB744D6E6A}.Release|Any CPU.ActiveCfg = Release|Any CPU
		{02BEB703-EC14-4720-963F-38FB744D6E6A}.Release|Any CPU.Build.0 = Release|Any CPU
		{8FC0A7ED-0044-4D21-A096-3A13B814EEA4}.Debug|Any CPU.ActiveCfg = Debug|Any CPU
		{8FC0A7ED-0044-4D21-A096-3A13B814EEA4}.Debug|Any CPU.Build.0 = Debug|Any CPU
		{8FC0A7ED-0044-4D21-A096-3A13B814EEA4}.Release|Any CPU.ActiveCfg = Release|Any CPU
		{8FC0A7ED-0044-4D21-A096-3A13B814EEA4}.Release|Any CPU.Build.0 = Release|Any CPU
	EndGlobalSection
	GlobalSection(SolutionProperties) = preSolution
		HideSolutionNode = FALSE
	EndGlobalSection
	GlobalSection(ExtensibilityGlobals) = postSolution
		SolutionGuid = {0A61E6DF-2FBA-495C-95EE-B6EB2403825F}
	EndGlobalSection
	GlobalSection(NestedProjects) = preSolution
		{3F8591B6-9B83-4AFA-9E7E-843613957D96} = {30468AFC-4022-4E5D-AEB9-1F629D0C7BA2}
		{02BEB703-EC14-4720-963F-38FB744D6E6A} = {30468AFC-4022-4E5D-AEB9-1F629D0C7BA2}
		{8FC0A7ED-0044-4D21-A096-3A13B814EEA4} = {30468AFC-4022-4E5D-AEB9-1F629D0C7BA2}
	EndGlobalSection
EndGlobal
