
Microsoft Visual Studio Solution File, Format Version 12.00
# Visual Studio Version 17
VisualStudioVersion = 17.0.31903.59
MinimumVisualStudioVersion = 10.0.40219.1
Project("{2150E333-8FDC-42A3-9474-1A3956D46DE8}") = "src", "src", "{86F0D247-5DD1-4773-9D42-0FCEF4DD5121}"
EndProject
Project("{9A19103F-16F7-4668-BE54-9A1E7A4F7556}") = "ApiKeyAuthApp", "src\ApiKeyAuthApp\ApiKeyAuthApp.csproj", "{C32CDDB6-1EE8-40F3-AE55-23CBBED849BF}"
EndProject
Project("{9A19103F-16F7-4668-BE54-9A1E7A4F7556}") = "BasicAuthApp", "src\BasicAuthApp\BasicAuthApp.csproj", "{5C7ADB09-1E33-4794-A513-C73BFF991180}"
EndProject
Project("{9A19103F-16F7-4668-BE54-9A1E7A4F7556}") = "AuthCodeAuthApp", "src\AuthCodeAuthApp\AuthCodeAuthApp.csproj", "{E6FF07A0-7E6F-4AED-AA71-3FB1ED624CC3}"
EndProject
Global
	GlobalSection(SolutionConfigurationPlatforms) = preSolution
		Debug|Any CPU = Debug|Any CPU
		Release|Any CPU = Release|Any CPU
	EndGlobalSection
	GlobalSection(ProjectConfigurationPlatforms) = postSolution
		{C32CDDB6-1EE8-40F3-AE55-23CBBED849BF}.Debug|Any CPU.ActiveCfg = Debug|Any CPU
		{C32CDDB6-1EE8-40F3-AE55-23CBBED849BF}.Debug|Any CPU.Build.0 = Debug|Any CPU
		{C32CDDB6-1EE8-40F3-AE55-23CBBED849BF}.Release|Any CPU.ActiveCfg = Release|Any CPU
		{C32CDDB6-1EE8-40F3-AE55-23CBBED849BF}.Release|Any CPU.Build.0 = Release|Any CPU
		{5C7ADB09-1E33-4794-A513-C73BFF991180}.Debug|Any CPU.ActiveCfg = Debug|Any CPU
		{5C7ADB09-1E33-4794-A513-C73BFF991180}.Debug|Any CPU.Build.0 = Debug|Any CPU
		{5C7ADB09-1E33-4794-A513-C73BFF991180}.Release|Any CPU.ActiveCfg = Release|Any CPU
		{5C7ADB09-1E33-4794-A513-C73BFF991180}.Release|Any CPU.Build.0 = Release|Any CPU
		{E6FF07A0-7E6F-4AED-AA71-3FB1ED624CC3}.Debug|Any CPU.ActiveCfg = Debug|Any CPU
		{E6FF07A0-7E6F-4AED-AA71-3FB1ED624CC3}.Debug|Any CPU.Build.0 = Debug|Any CPU
		{E6FF07A0-7E6F-4AED-AA71-3FB1ED624CC3}.Release|Any CPU.ActiveCfg = Release|Any CPU
		{E6FF07A0-7E6F-4AED-AA71-3FB1ED624CC3}.Release|Any CPU.Build.0 = Release|Any CPU
	EndGlobalSection
	GlobalSection(SolutionProperties) = preSolution
		HideSolutionNode = FALSE
	EndGlobalSection
	GlobalSection(NestedProjects) = preSolution
		{C32CDDB6-1EE8-40F3-AE55-23CBBED849BF} = {86F0D247-5DD1-4773-9D42-0FCEF4DD5121}
		{5C7ADB09-1E33-4794-A513-C73BFF991180} = {86F0D247-5DD1-4773-9D42-0FCEF4DD5121}
		{E6FF07A0-7E6F-4AED-AA71-3FB1ED624CC3} = {86F0D247-5DD1-4773-9D42-0FCEF4DD5121}
	EndGlobalSection
	GlobalSection(ExtensibilityGlobals) = postSolution
		SolutionGuid = {0A61E6DF-2FBA-495C-95EE-B6EB2403825F}
	EndGlobalSection
EndGlobal
